{
    "_meta": {
        "hash": {
            "sha256": "9c829e611924b2956b76db32e85bceaa34fb50b0bf60689fe0091311debab84d"
        },
        "pipfile-spec": 6,
        "requires": {
            "python_version": "3.7"
        },
        "sources": [
            {
                "name": "pypi",
                "url": "https://pypi.python.org/simple",
                "verify_ssl": true
            }
        ]
    },
    "default": {
        "djangorestframework": {
            "hashes": [
                "sha256:79c6efbb2514bc50cf25906d7c0a5cfead714c7af667ff4bd110312cd380ae66",
                "sha256:a4138613b67e3a223be6c97f53b13d759c5b90d2b433bad670b8ebf95402075f"
            ],
            "index": "pypi",
            "version": "==3.9.1"
        },
        "wheel": {
            "hashes": [
                "sha256:029703bf514e16c8271c3821806a1c171220cc5bdd325cbf4e7da1e056a01db6",
                "sha256:1e53cdb3f808d5ccd0df57f964263752aa74ea7359526d3da6c02114ec1e1d44"
            ],
            "index": "pypi",
            "version": "==0.32.3"
        }
    },
    "develop": {}
}
